
Microsoft Visual Studio Solution File, Format Version 12.00
# Visual Studio Version 16
VisualStudioVersion = 16.0.30104.148
MinimumVisualStudioVersion = 15.0.26124.0
Project("{2150E333-8FDC-42A3-9474-1A3956D46DE8}") = "src", "src", "{4A9B9B53-335C-4B75-BDA3-889745DA081D}"
EndProject
Project("{9A19103F-16F7-4668-BE54-9A1E7A4F7556}") = "WebUI", "src\WebUI\WebUI.csproj", "{ADE4838D-AE70-44D0-B1D6-B3F90DEE3C62}"
EndProject
Project("{FAE04EC0-301F-11D3-BF4B-00C04F79EFBC}") = "Domain", "src\Domain\Domain.csproj", "{E526AC21-86D2-4E51-AA6C-459F7E5B6358}"
EndProject
Project("{FAE04EC0-301F-11D3-BF4B-00C04F79EFBC}") = "Infrastructure", "src\Infrastructure\Infrastructure.csproj", "{86BC2100-F106-4322-8743-F4105BCE9198}"
EndProject
Project("{FAE04EC0-301F-11D3-BF4B-00C04F79EFBC}") = "Application", "src\Application\Application.csproj", "{71FE69B3-983D-48E0-A207-57AFD20C22C6}"
EndProject
Project("{2150E333-8FDC-42A3-9474-1A3956D46DE8}") = "tests", "tests", "{6811377B-A073-4FDF-A1F0-BFAF571552A5}"
EndProject
Project("{FAE04EC0-301F-11D3-BF4B-00C04F79EFBC}") = "Application.IntegrationTests", "tests\Application.IntegrationTests\Application.IntegrationTests.csproj", "{939A76B8-A5D5-4C5A-9567-080DF1845E79}"
EndProject
Project("{FAE04EC0-301F-11D3-BF4B-00C04F79EFBC}") = "Application.UnitTests", "tests\Application.UnitTests\Application.UnitTests.csproj", "{34F8D14B-A786-4FE9-AD40-204A5FFE172E}"
EndProject
Project("{FAE04EC0-301F-11D3-BF4B-00C04F79EFBC}") = "Domain.UnitTests", "tests\Domain.UnitTests\Domain.UnitTests.csproj", "{8ED2AE3F-D086-4E39-B901-4715AFE75012}"
EndProject
Global
	GlobalSection(SolutionConfigurationPlatforms) = preSolution
		Debug|Any CPU = Debug|Any CPU
		Debug|x64 = Debug|x64
		Debug|x86 = Debug|x86
		Release|Any CPU = Release|Any CPU
		Release|x64 = Release|x64
		Release|x86 = Release|x86
	EndGlobalSection
	GlobalSection(ProjectConfigurationPlatforms) = postSolution
		{ADE4838D-AE70-44D0-B1D6-B3F90DEE3C62}.Debug|Any CPU.ActiveCfg = Debug|Any CPU
		{ADE4838D-AE70-44D0-B1D6-B3F90DEE3C62}.Debug|Any CPU.Build.0 = Debug|Any CPU
		{ADE4838D-AE70-44D0-B1D6-B3F90DEE3C62}.Debug|x64.ActiveCfg = Debug|Any CPU
		{ADE4838D-AE70-44D0-B1D6-B3F90DEE3C62}.Debug|x64.Build.0 = Debug|Any CPU
		{ADE4838D-AE70-44D0-B1D6-B3F90DEE3C62}.Debug|x86.ActiveCfg = Debug|Any CPU
		{ADE4838D-AE70-44D0-B1D6-B3F90DEE3C62}.Debug|x86.Build.0 = Debug|Any CPU
		{ADE4838D-AE70-44D0-B1D6-B3F90DEE3C62}.Release|Any CPU.ActiveCfg = Release|Any CPU
		{ADE4838D-AE70-44D0-B1D6-B3F90DEE3C62}.Release|Any CPU.Build.0 = Release|Any CPU
		{ADE4838D-AE70-44D0-B1D6-B3F90DEE3C62}.Release|x64.ActiveCfg = Release|Any CPU
		{ADE4838D-AE70-44D0-B1D6-B3F90DEE3C62}.Release|x64.Build.0 = Release|Any CPU
		{ADE4838D-AE70-44D0-B1D6-B3F90DEE3C62}.Release|x86.ActiveCfg = Release|Any CPU
		{ADE4838D-AE70-44D0-B1D6-B3F90DEE3C62}.Release|x86.Build.0 = Release|Any CPU
		{E526AC21-86D2-4E51-AA6C-459F7E5B6358}.Debug|Any CPU.ActiveCfg = Debug|Any CPU
		{E526AC21-86D2-4E51-AA6C-459F7E5B6358}.Debug|Any CPU.Build.0 = Debug|Any CPU
		{E526AC21-86D2-4E51-AA6C-459F7E5B6358}.Debug|x64.ActiveCfg = Debug|Any CPU
		{E526AC21-86D2-4E51-AA6C-459F7E5B6358}.Debug|x64.Build.0 = Debug|Any CPU
		{E526AC21-86D2-4E51-AA6C-459F7E5B6358}.Debug|x86.ActiveCfg = Debug|Any CPU
		{E526AC21-86D2-4E51-AA6C-459F7E5B6358}.Debug|x86.Build.0 = Debug|Any CPU
		{E526AC21-86D2-4E51-AA6C-459F7E5B6358}.Release|Any CPU.ActiveCfg = Release|Any CPU
		{E526AC21-86D2-4E51-AA6C-459F7E5B6358}.Release|Any CPU.Build.0 = Release|Any CPU
		{E526AC21-86D2-4E51-AA6C-459F7E5B6358}.Release|x64.ActiveCfg = Release|Any CPU
		{E526AC21-86D2-4E51-AA6C-459F7E5B6358}.Release|x64.Build.0 = Release|Any CPU
		{E526AC21-86D2-4E51-AA6C-459F7E5B6358}.Release|x86.ActiveCfg = Release|Any CPU
		{E526AC21-86D2-4E51-AA6C-459F7E5B6358}.Release|x86.Build.0 = Release|Any CPU
		{86BC2100-F106-4322-8743-F4105BCE9198}.Debug|Any CPU.ActiveCfg = Debug|Any CPU
		{86BC2100-F106-4322-8743-F4105BCE9198}.Debug|Any CPU.Build.0 = Debug|Any CPU
		{86BC2100-F106-4322-8743-F4105BCE9198}.Debug|x64.ActiveCfg = Debug|Any CPU
		{86BC2100-F106-4322-8743-F4105BCE9198}.Debug|x64.Build.0 = Debug|Any CPU
		{86BC2100-F106-4322-8743-F4105BCE9198}.Debug|x86.ActiveCfg = Debug|Any CPU
		{86BC2100-F106-4322-8743-F4105BCE9198}.Debug|x86.Build.0 = Debug|Any CPU
		{86BC2100-F106-4322-8743-F4105BCE9198}.Release|Any CPU.ActiveCfg = Release|Any CPU
		{86BC2100-F106-4322-8743-F4105BCE9198}.Release|Any CPU.Build.0 = Release|Any CPU
		{86BC2100-F106-4322-8743-F4105BCE9198}.Release|x64.ActiveCfg = Release|Any CPU
		{86BC2100-F106-4322-8743-F4105BCE9198}.Release|x64.Build.0 = Release|Any CPU
		{86BC2100-F106-4322-8743-F4105BCE9198}.Release|x86.ActiveCfg = Release|Any CPU
		{86BC2100-F106-4322-8743-F4105BCE9198}.Release|x86.Build.0 = Release|Any CPU
		{71FE69B3-983D-48E0-A207-57AFD20C22C6}.Debug|Any CPU.ActiveCfg = Debug|Any CPU
		{71FE69B3-983D-48E0-A207-57AFD20C22C6}.Debug|Any CPU.Build.0 = Debug|Any CPU
		{71FE69B3-983D-48E0-A207-57AFD20C22C6}.Debug|x64.ActiveCfg = Debug|Any CPU
		{71FE69B3-983D-48E0-A207-57AFD20C22C6}.Debug|x64.Build.0 = Debug|Any CPU
		{71FE69B3-983D-48E0-A207-57AFD20C22C6}.Debug|x86.ActiveCfg = Debug|Any CPU
		{71FE69B3-983D-48E0-A207-57AFD20C22C6}.Debug|x86.Build.0 = Debug|Any CPU
		{71FE69B3-983D-48E0-A207-57AFD20C22C6}.Release|Any CPU.ActiveCfg = Release|Any CPU
		{71FE69B3-983D-48E0-A207-57AFD20C22C6}.Release|Any CPU.Build.0 = Release|Any CPU
		{71FE69B3-983D-48E0-A207-57AFD20C22C6}.Release|x64.ActiveCfg = Release|Any CPU
		{71FE69B3-983D-48E0-A207-57AFD20C22C6}.Release|x64.Build.0 = Release|Any CPU
		{71FE69B3-983D-48E0-A207-57AFD20C22C6}.Release|x86.ActiveCfg = Release|Any CPU
		{71FE69B3-983D-48E0-A207-57AFD20C22C6}.Release|x86.Build.0 = Release|Any CPU
		{939A76B8-A5D5-4C5A-9567-080DF1845E79}.Debug|Any CPU.ActiveCfg = Debug|Any CPU
		{939A76B8-A5D5-4C5A-9567-080DF1845E79}.Debug|Any CPU.Build.0 = Debug|Any CPU
		{939A76B8-A5D5-4C5A-9567-080DF1845E79}.Debug|x64.ActiveCfg = Debug|Any CPU
		{939A76B8-A5D5-4C5A-9567-080DF1845E79}.Debug|x64.Build.0 = Debug|Any CPU
		{939A76B8-A5D5-4C5A-9567-080DF1845E79}.Debug|x86.ActiveCfg = Debug|Any CPU
		{939A76B8-A5D5-4C5A-9567-080DF1845E79}.Debug|x86.Build.0 = Debug|Any CPU
		{939A76B8-A5D5-4C5A-9567-080DF1845E79}.Release|Any CPU.ActiveCfg = Release|Any CPU
		{939A76B8-A5D5-4C5A-9567-080DF1845E79}.Release|Any CPU.Build.0 = Release|Any CPU
		{939A76B8-A5D5-4C5A-9567-080DF1845E79}.Release|x64.ActiveCfg = Release|Any CPU
		{939A76B8-A5D5-4C5A-9567-080DF1845E79}.Release|x64.Build.0 = Release|Any CPU
		{939A76B8-A5D5-4C5A-9567-080DF1845E79}.Release|x86.ActiveCfg = Release|Any CPU
		{939A76B8-A5D5-4C5A-9567-080DF1845E79}.Release|x86.Build.0 = Release|Any CPU
		{34F8D14B-A786-4FE9-AD40-204A5FFE172E}.Debug|Any CPU.ActiveCfg = Debug|Any CPU
		{34F8D14B-A786-4FE9-AD40-204A5FFE172E}.Debug|Any CPU.Build.0 = Debug|Any CPU
		{34F8D14B-A786-4FE9-AD40-204A5FFE172E}.Debug|x64.ActiveCfg = Debug|Any CPU
		{34F8D14B-A786-4FE9-AD40-204A5FFE172E}.Debug|x64.Build.0 = Debug|Any CPU
		{34F8D14B-A786-4FE9-AD40-204A5FFE172E}.Debug|x86.ActiveCfg = Debug|Any CPU
		{34F8D14B-A786-4FE9-AD40-204A5FFE172E}.Debug|x86.Build.0 = Debug|Any CPU
		{34F8D14B-A786-4FE9-AD40-204A5FFE172E}.Release|Any CPU.ActiveCfg = Release|Any CPU
		{34F8D14B-A786-4FE9-AD40-204A5FFE172E}.Release|Any CPU.Build.0 = Release|Any CPU
		{34F8D14B-A786-4FE9-AD40-204A5FFE172E}.Release|x64.ActiveCfg = Release|Any CPU
		{34F8D14B-A786-4FE9-AD40-204A5FFE172E}.Release|x64.Build.0 = Release|Any CPU
		{34F8D14B-A786-4FE9-AD40-204A5FFE172E}.Release|x86.ActiveCfg = Release|Any CPU
		{34F8D14B-A786-4FE9-AD40-204A5FFE172E}.Release|x86.Build.0 = Release|Any CPU
		{8ED2AE3F-D086-4E39-B901-4715AFE75012}.Debug|Any CPU.ActiveCfg = Debug|Any CPU
		{8ED2AE3F-D086-4E39-B901-4715AFE75012}.Debug|Any CPU.Build.0 = Debug|Any CPU
		{8ED2AE3F-D086-4E39-B901-4715AFE75012}.Debug|x64.ActiveCfg = Debug|Any CPU
		{8ED2AE3F-D086-4E39-B901-4715AFE75012}.Debug|x64.Build.0 = Debug|Any CPU
		{8ED2AE3F-D086-4E39-B901-4715AFE75012}.Debug|x86.ActiveCfg = Debug|Any CPU
		{8ED2AE3F-D086-4E39-B901-4715AFE75012}.Debug|x86.Build.0 = Debug|Any CPU
		{8ED2AE3F-D086-4E39-B901-4715AFE75012}.Release|Any CPU.ActiveCfg = Release|Any CPU
		{8ED2AE3F-D086-4E39-B901-4715AFE75012}.Release|Any CPU.Build.0 = Release|Any CPU
		{8ED2AE3F-D086-4E39-B901-4715AFE75012}.Release|x64.ActiveCfg = Release|Any CPU
		{8ED2AE3F-D086-4E39-B901-4715AFE75012}.Release|x64.Build.0 = Release|Any CPU
		{8ED2AE3F-D086-4E39-B901-4715AFE75012}.Release|x86.ActiveCfg = Release|Any CPU
		{8ED2AE3F-D086-4E39-B901-4715AFE75012}.Release|x86.Build.0 = Release|Any CPU
	EndGlobalSection
	GlobalSection(SolutionProperties) = preSolution
		HideSolutionNode = FALSE
	EndGlobalSection
	GlobalSection(NestedProjects) = preSolution
		{ADE4838D-AE70-44D0-B1D6-B3F90DEE3C62} = {4A9B9B53-335C-4B75-BDA3-889745DA081D}
		{E526AC21-86D2-4E51-AA6C-459F7E5B6358} = {4A9B9B53-335C-4B75-BDA3-889745DA081D}
		{86BC2100-F106-4322-8743-F4105BCE9198} = {4A9B9B53-335C-4B75-BDA3-889745DA081D}
		{71FE69B3-983D-48E0-A207-57AFD20C22C6} = {4A9B9B53-335C-4B75-BDA3-889745DA081D}
		{939A76B8-A5D5-4C5A-9567-080DF1845E79} = {6811377B-A073-4FDF-A1F0-BFAF571552A5}
		{34F8D14B-A786-4FE9-AD40-204A5FFE172E} = {6811377B-A073-4FDF-A1F0-BFAF571552A5}
		{8ED2AE3F-D086-4E39-B901-4715AFE75012} = {6811377B-A073-4FDF-A1F0-BFAF571552A5}
	EndGlobalSection
	GlobalSection(ExtensibilityGlobals) = postSolution
		SolutionGuid = {80B59B75-D584-4062-A91C-939CBEBEB858}
	EndGlobalSection
EndGlobal
